
Microsoft Visual Studio Solution File, Format Version 12.00
# Visual Studio Version 16
VisualStudioVersion = 16.0.31112.23
MinimumVisualStudioVersion = 10.0.40219.1
Project("{9A19103F-16F7-4668-BE54-9A1E7A4F7556}") = "CinderBlockGames.GitHub.Actions.Ftp", "CinderBlockGames.GitHub.Actions.Ftp\CinderBlockGames.GitHub.Actions.Ftp.csproj", "{39A5A814-F3D5-426E-B4FA-9B3F12E3751D}"
EndProject
Project("{2150E333-8FDC-42A3-9474-1A3956D46DE8}") = "Solution Items", "Solution Items", "{B4DE271E-E3EF-42D9-BE0B-4B5A889FB7C4}"
	ProjectSection(SolutionItems) = preProject
		.gitignore = .gitignore
		LICENSE = LICENSE
		README.md = README.md
	EndProjectSection
EndProject
Global
	GlobalSection(SolutionConfigurationPlatforms) = preSolution
		Debug|Any CPU = Debug|Any CPU
		Release|Any CPU = Release|Any CPU
	EndGlobalSection
	GlobalSection(ProjectConfigurationPlatforms) = postSolution
		{39A5A814-F3D5-426E-B4FA-9B3F12E3751D}.Debug|Any CPU.ActiveCfg = Debug|Any CPU
		{39A5A814-F3D5-426E-B4FA-9B3F12E3751D}.Debug|Any CPU.Build.0 = Debug|Any CPU
		{39A5A814-F3D5-426E-B4FA-9B3F12E3751D}.Release|Any CPU.ActiveCfg = Release|Any CPU
		{39A5A814-F3D5-426E-B4FA-9B3F12E3751D}.Release|Any CPU.Build.0 = Release|Any CPU
	EndGlobalSection
	GlobalSection(SolutionProperties) = preSolution
		HideSolutionNode = FALSE
	EndGlobalSection
	GlobalSection(ExtensibilityGlobals) = postSolution
		SolutionGuid = {95756FBC-1202-459E-94F1-73D3F8B379D1}
	EndGlobalSection
EndGlobal
